
Microsoft Visual Studio Solution File, Format Version 12.00
# Visual Studio Version 16
VisualStudioVersion = 16.0.30717.126
MinimumVisualStudioVersion = 10.0.40219.1
Project("{FAE04EC0-301F-11D3-BF4B-00C04F79EFBC}") = "Inlämningsuppgift 3", "Inlämningsuppgift 3\Inlämningsuppgift 3.csproj", "{D018C87E-5083-435C-A73C-31D231B2E563}"
EndProject
Global
	GlobalSection(SolutionConfigurationPlatforms) = preSolution
		Debug|Any CPU = Debug|Any CPU
		Release|Any CPU = Release|Any CPU
	EndGlobalSection
	GlobalSection(ProjectConfigurationPlatforms) = postSolution
		{D018C87E-5083-435C-A73C-31D231B2E563}.Debug|Any CPU.ActiveCfg = Debug|Any CPU
		{D018C87E-5083-435C-A73C-31D231B2E563}.Debug|Any CPU.Build.0 = Debug|Any CPU
		{D018C87E-5083-435C-A73C-31D231B2E563}.Release|Any CPU.ActiveCfg = Release|Any CPU
		{D018C87E-5083-435C-A73C-31D231B2E563}.Release|Any CPU.Build.0 = Release|Any CPU
	EndGlobalSection
	GlobalSection(SolutionProperties) = preSolution
		HideSolutionNode = FALSE
	EndGlobalSection
	GlobalSection(ExtensibilityGlobals) = postSolution
		SolutionGuid = {F134A365-1ACF-4192-B58F-73C391402EEA}
	EndGlobalSection
EndGlobal
